<?xml version="1.0" encoding="utf-8"?>
<Project ToolsVersion="4.0" xmlns="http://schemas.microsoft.com/developer/msbuild/2003">
  <ItemGroup>
    <ClCompile Include="src\engine\Engine.cpp" />
    <ClCompile Include="src\main.cpp" />
    <ClCompile Include="src\engine\Vector\Vector2.cpp" />
    <ClCompile Include="src\engine\Color\Color.cpp" />
    <ClCompile Include="src\engine\Window\Window.cpp" />
    <ClCompile Include="src\engine\TextureManager.cpp" />
    <ClCompile Include="src\engine\Input\Input.cpp" />
    <ClCompile Include="src\engine\ECS\ECS.cpp" />
    <ClCompile Include="src\engine\Components\Core\Transform.cpp" />
    <ClCompile Include="src\engine\Components\Core\Renderer.cpp" />
    <ClCompile Include="src\engine\Components\Core\Collider.cpp" />
    <ClCompile Include="src\game\Scripts\Components\PlayerController.cpp" />
    <ClCompile Include="src\engine\Components\Core\Rigidbody.cpp" />
    <ClCompile Include="src\game\Scripts\GameManager.cpp" />
    <ClCompile Include="src\game\Scripts\Components\BallController.cpp" />
    <ClCompile Include="src\game\Scripts\Components\BrickController.cpp" />
  </ItemGroup>
  <ItemGroup>
    <ClInclude Include="src\engine\Engine.h" />
    <ClInclude Include="src\engine\Vector\Vector2.h" />
    <ClInclude Include="src\engine\Color\Color.h" />
    <ClInclude Include="src\engine\Window\Window.h" />
    <ClInclude Include="src\engine\TextureManager.h" />
    <ClInclude Include="src\engine\Input\Input.h" />
    <ClInclude Include="src\engine\ECS\ECS.h" />
    <ClInclude Include="src\engine\Components\Core\Transform.h" />
    <ClInclude Include="src\engine\Components\Core\Renderer.h" />
    <ClInclude Include="src\engine\Components\Core\Collider.h" />
    <ClInclude Include="src\game\Scripts\Components\PlayerController.h" />
    <ClInclude Include="src\engine\Entities\Core\CoreEntities.h" />
    <ClInclude Include="src\engine\Components\Core\Rigidbody.h" />
    <ClInclude Include="src\game\Scripts\GameManager.h" />
    <ClInclude Include="src\game\Scripts\Entities\Brick.hpp" />
    <ClInclude Include="src\game\Scripts\Entities\Player.hpp" />
    <ClInclude Include="src\game\Scripts\Entities\Ball.hpp" />
    <ClInclude Include="src\game\Scripts\Components\BallController.h" />
    <ClInclude Include="src\game\Scripts\Components\BrickController.h" />
  </ItemGroup>
</Project>